{
    "_readme": [
        "This file locks the dependencies of your project to a known state",
        "Read more about it at https://getcomposer.org/doc/01-basic-usage.md#installing-dependencies",
        "This file is @generated automatically"
    ],
    "content-hash": "a7a436c948b16622b9bdc283b8e28074",
    "packages": [
        {
            "name": "bluem/tree",
            "version": "3.1",
            "source": {
                "type": "git",
                "url": "https://github.com/BlueM/Tree.git",
                "reference": "e520150cc713b4318c6ceae05d578462d930bc59"
            },
            "dist": {
                "type": "zip",
                "url": "https://api.github.com/repos/BlueM/Tree/zipball/e520150cc713b4318c6ceae05d578462d930bc59",
                "reference": "e520150cc713b4318c6ceae05d578462d930bc59",
                "shasum": ""
            },
            "require": {
                "ext-json": "*",
                "php": ">=7.0"
            },
            "require-dev": {
                "doctrine/instantiator": "1.0.*",
                "phpunit/phpunit": "6.*"
            },
            "type": "library",
            "autoload": {
                "psr-4": {
                    "BlueM\\": "src/"
                }
            },
            "notification-url": "https://packagist.org/downloads/",
            "license": [
                "BSD-3-Clause"
            ],
            "authors": [
                {
                    "name": "Carsten Blüm",
                    "email": "carsten@bluem.net"
                }
            ],
            "description": "Library for handling tree structures based on parent IDs",
            "homepage": "https://github.com/BlueM/Tree",
            "keywords": [
                "hierarchical",
                "tree"
            ],
            "time": "2019-09-15T06:11:51+00:00"
        }
    ],
    "packages-dev": [],
    "aliases": [],
    "minimum-stability": "stable",
    "stability-flags": [],
    "prefer-stable": false,
    "prefer-lowest": false,
    "platform": [],
    "platform-dev": []
}
